{
  "version": 4,
  "terraform_version": "1.3.0",
  "serial": 23,
  "lineage": "75ff853d-ebeb-ce6f-a521-f70b79c869b0",
  "outputs": {
    "external_ip_address_vm_1": {
      "value": "130.193.51.45",
      "type": "string"
    },
    "external_ip_address_vm_2": {
      "value": "130.193.50.21",
      "type": "string"
    },
    "internal_ip_address_vm_1": {
      "value": "192.168.10.24",
      "type": "string"
    },
    "internal_ip_address_vm_2": {
      "value": "192.168.10.25",
      "type": "string"
    }
  },
  "resources": [
    {
      "mode": "managed",
      "type": "yandex_compute_instance",
      "name": "vm-1",
      "provider": "provider[\"registry.terraform.io/yandex-cloud/yandex\"]",
      "instances": [
        {
          "schema_version": 1,
          "attributes": {
            "allow_recreate": null,
            "allow_stopping_for_update": null,
            "boot_disk": [
              {
                "auto_delete": true,
                "device_name": "fhmqq9t5q8ma1i1ju1eu",
                "disk_id": "fhmqq9t5q8ma1i1ju1eu",
                "initialize_params": [
                  {
                    "block_size": 4096,
                    "description": "",
                    "image_id": "fd8autg36kchufhej85b",
                    "name": "",
                    "size": 5,
                    "snapshot_id": "",
                    "type": "network-hdd"
                  }
                ],
                "mode": "READ_WRITE"
              }
            ],
            "created_at": "2022-09-26T19:13:41Z",
            "description": "",
            "folder_id": "b1gpu76ok8gkilpdbm3l",
            "fqdn": "fhm47qja5o7sm51tuvbr.auto.internal",
            "hostname": "",
            "id": "fhm47qja5o7sm51tuvbr",
            "labels": {},
            "local_disk": [],
            "metadata": {
              "ssh-keys": "ubuntu:ssh-rsa AAAAB3NzaC1yc2EAAAADAQABAAABAQDeGq6m8pdyqmL8C7e55xIhlR6xQWixuS1iSyi1/m95FtBKq7R791QHPkPS8QtH5rreNOzVQh4865OVsg5MICda5i+smXZ5UIjAJmFlLGiMdD7MXrwpbnu6KU2VYVbD7IfFjhipEyugEhD/fNjFrhI2Bfs0pC0H2bDE7dCbFm8NP5yg6Sw2KJfsyWOuaFLpP4pp+RJbd+mG+HOs4UpzIYp7NgSFz7qbMTtDXaADBM8xQQ6SOHjDWwB8SlA4Rtrar+itSeEMMtYKhoft47jZl1rd+3Tx4lNiGXCLq4PQpdpRJJ7zHD0G4T4tdDkYIjhcQUHjIuXBk/OnNY2olBhCi7hF justmark0@justmark0-2osx\n"
            },
            "name": "vm1",
            "network_acceleration_type": "standard",
            "network_interface": [
              {
                "dns_record": [],
                "index": 0,
                "ip_address": "192.168.10.24",
                "ipv4": true,
                "ipv6": false,
                "ipv6_address": "",
                "ipv6_dns_record": [],
                "mac_address": "d0:0d:43:ea:6a:2e",
                "nat": true,
                "nat_dns_record": [],
                "nat_ip_address": "130.193.51.45",
                "nat_ip_version": "IPV4",
                "security_group_ids": [],
                "subnet_id": "e9burt3ihk22f2rgl4fo"
              }
            ],
            "placement_policy": [
              {
                "host_affinity_rules": [],
                "placement_group_id": ""
              }
            ],
            "platform_id": "standard-v1",
            "resources": [
              {
                "core_fraction": 100,
                "cores": 2,
                "gpus": 0,
                "memory": 2
              }
            ],
            "scheduling_policy": [
              {
                "preemptible": false
              }
            ],
            "secondary_disk": [],
            "service_account_id": "",
            "status": "running",
            "timeouts": null,
            "zone": "ru-central1-a"
          },
          "sensitive_attributes": [],
          "private": "eyJlMmJmYjczMC1lY2FhLTExZTYtOGY4OC0zNDM2M2JjN2M0YzAiOnsiY3JlYXRlIjozMDAwMDAwMDAwMDAsImRlbGV0ZSI6MzAwMDAwMDAwMDAwLCJ1cGRhdGUiOjMwMDAwMDAwMDAwMH0sInNjaGVtYV92ZXJzaW9uIjoiMSJ9",
          "dependencies": [
            "yandex_vpc_network.network-1",
            "yandex_vpc_subnet.subnet-1"
          ]
        }
      ]
    },
    {
      "mode": "managed",
      "type": "yandex_compute_instance",
      "name": "vm-2",
      "provider": "provider[\"registry.terraform.io/yandex-cloud/yandex\"]",
      "instances": [
        {
          "schema_version": 1,
          "attributes": {
            "allow_recreate": null,
            "allow_stopping_for_update": null,
            "boot_disk": [
              {
                "auto_delete": true,
                "device_name": "fhmja6a04np9r7c8bbh4",
                "disk_id": "fhmja6a04np9r7c8bbh4",
                "initialize_params": [
                  {
                    "block_size": 4096,
                    "description": "",
                    "image_id": "fd8autg36kchufhej85b",
                    "name": "",
                    "size": 5,
                    "snapshot_id": "",
                    "type": "network-hdd"
                  }
                ],
                "mode": "READ_WRITE"
              }
            ],
            "created_at": "2022-09-26T19:13:41Z",
            "description": "",
            "folder_id": "b1gpu76ok8gkilpdbm3l",
            "fqdn": "fhmp10kjt70sqqkc1el3.auto.internal",
            "hostname": "",
            "id": "fhmp10kjt70sqqkc1el3",
            "labels": {},
            "local_disk": [],
            "metadata": {
              "ssh-keys": "ubuntu:ssh-rsa AAAAB3NzaC1yc2EAAAADAQABAAABAQDeGq6m8pdyqmL8C7e55xIhlR6xQWixuS1iSyi1/m95FtBKq7R791QHPkPS8QtH5rreNOzVQh4865OVsg5MICda5i+smXZ5UIjAJmFlLGiMdD7MXrwpbnu6KU2VYVbD7IfFjhipEyugEhD/fNjFrhI2Bfs0pC0H2bDE7dCbFm8NP5yg6Sw2KJfsyWOuaFLpP4pp+RJbd+mG+HOs4UpzIYp7NgSFz7qbMTtDXaADBM8xQQ6SOHjDWwB8SlA4Rtrar+itSeEMMtYKhoft47jZl1rd+3Tx4lNiGXCLq4PQpdpRJJ7zHD0G4T4tdDkYIjhcQUHjIuXBk/OnNY2olBhCi7hF justmark0@justmark0-2osx\n"
            },
            "name": "vm2",
            "network_acceleration_type": "standard",
            "network_interface": [
              {
                "dns_record": [],
                "index": 0,
                "ip_address": "192.168.10.25",
                "ipv4": true,
                "ipv6": false,
                "ipv6_address": "",
                "ipv6_dns_record": [],
                "mac_address": "d0:0d:19:08:29:3e",
                "nat": true,
                "nat_dns_record": [],
                "nat_ip_address": "130.193.50.21",
                "nat_ip_version": "IPV4",
                "security_group_ids": [],
                "subnet_id": "e9burt3ihk22f2rgl4fo"
              }
            ],
            "placement_policy": [
              {
                "host_affinity_rules": [],
                "placement_group_id": ""
              }
            ],
            "platform_id": "standard-v1",
            "resources": [
              {
                "core_fraction": 100,
                "cores": 4,
                "gpus": 0,
                "memory": 4
              }
            ],
            "scheduling_policy": [
              {
                "preemptible": false
              }
            ],
            "secondary_disk": [],
            "service_account_id": "",
            "status": "running",
            "timeouts": null,
            "zone": "ru-central1-a"
          },
          "sensitive_attributes": [],
          "private": "eyJlMmJmYjczMC1lY2FhLTExZTYtOGY4OC0zNDM2M2JjN2M0YzAiOnsiY3JlYXRlIjozMDAwMDAwMDAwMDAsImRlbGV0ZSI6MzAwMDAwMDAwMDAwLCJ1cGRhdGUiOjMwMDAwMDAwMDAwMH0sInNjaGVtYV92ZXJzaW9uIjoiMSJ9",
          "dependencies": [
            "yandex_vpc_network.network-1",
            "yandex_vpc_subnet.subnet-1"
          ]
        }
      ]
    },
    {
      "mode": "managed",
      "type": "yandex_vpc_network",
      "name": "network-1",
      "provider": "provider[\"registry.terraform.io/yandex-cloud/yandex\"]",
      "instances": [
        {
          "schema_version": 0,
          "attributes": {
            "created_at": "2022-09-26T19:13:38Z",
            "default_security_group_id": "",
            "description": "",
            "folder_id": "b1gpu76ok8gkilpdbm3l",
            "id": "enpq5fpvknh3e8vt9l31",
            "labels": {},
            "name": "network1",
            "subnet_ids": [
              "e9burt3ihk22f2rgl4fo"
            ],
            "timeouts": null
          },
          "sensitive_attributes": [],
          "private": "eyJlMmJmYjczMC1lY2FhLTExZTYtOGY4OC0zNDM2M2JjN2M0YzAiOnsiY3JlYXRlIjo2MDAwMDAwMDAwMCwiZGVsZXRlIjo2MDAwMDAwMDAwMCwidXBkYXRlIjo2MDAwMDAwMDAwMH19"
        }
      ]
    },
    {
      "mode": "managed",
      "type": "yandex_vpc_subnet",
      "name": "subnet-1",
      "provider": "provider[\"registry.terraform.io/yandex-cloud/yandex\"]",
      "instances": [
        {
          "schema_version": 0,
          "attributes": {
            "created_at": "2022-09-26T19:13:39Z",
            "description": "",
            "dhcp_options": [],
            "folder_id": "b1gpu76ok8gkilpdbm3l",
            "id": "e9burt3ihk22f2rgl4fo",
            "labels": {},
            "name": "subnet1",
            "network_id": "enpq5fpvknh3e8vt9l31",
            "route_table_id": "",
            "timeouts": null,
            "v4_cidr_blocks": [
              "192.168.10.0/24"
            ],
            "v6_cidr_blocks": [],
            "zone": "ru-central1-a"
          },
          "sensitive_attributes": [],
          "private": "eyJlMmJmYjczMC1lY2FhLTExZTYtOGY4OC0zNDM2M2JjN2M0YzAiOnsiY3JlYXRlIjoxODAwMDAwMDAwMDAsImRlbGV0ZSI6MTgwMDAwMDAwMDAwLCJ1cGRhdGUiOjE4MDAwMDAwMDAwMH19",
          "dependencies": [
            "yandex_vpc_network.network-1"
          ]
        }
      ]
    }
  ],
  "check_results": []
}
