{
  "version": 4,
  "terraform_version": "1.3.1",
  "serial": 4,
  "lineage": "a2df8c7b-c539-a0f7-193a-98fd171edd86",
  "outputs": {
    "yandex_external_ip": {
      "value": "51.250.68.226",
      "type": "string"
    }
  },
  "resources": [
    {
      "mode": "managed",
      "type": "yandex_compute_instance",
      "name": "vm",
      "provider": "provider[\"registry.terraform.io/yandex-cloud/yandex\"]",
      "instances": [
        {
          "schema_version": 1,
          "attributes": {
            "allow_recreate": null,
            "allow_stopping_for_update": null,
            "boot_disk": [
              {
                "auto_delete": true,
                "device_name": "fhm4l827mhc54rh9e2ti",
                "disk_id": "fhm4l827mhc54rh9e2ti",
                "initialize_params": [
                  {
                    "block_size": 4096,
                    "description": "",
                    "image_id": "fd8c00efhiopj3rlnlbn",
                    "name": "",
                    "size": 5,
                    "snapshot_id": "",
                    "type": "network-hdd"
                  }
                ],
                "mode": "READ_WRITE"
              }
            ],
            "created_at": "2022-10-03T19:20:27Z",
            "description": "",
            "folder_id": "b1gt3sretmu231pp6srq",
            "fqdn": "fhm3dfo6bmvb6917bo15.auto.internal",
            "hostname": "",
            "id": "fhm3dfo6bmvb6917bo15",
            "labels": null,
            "local_disk": [],
            "metadata": {
              "foo": "bar",
              "ssh-keys": "ubuntu:ssh-rsa AAAAB3NzaC1yc2EAAAADAQABAAABAQCtTqOR4yzhoMpS0BQm1DT+6En+T2TB0km302tOPleQZgbB+GP7H1QrLE8B7IycTbfNSxIbzCIBQ3ZZfVBPLmf9sEHgOcX30HdAg+psDbUhpmrdFbFMB08VMxjXmQEISbP7AVKBlft0pTJ8h3FjXq0N08OTTvcqitlwXL+6PQC3qEAQhCC2bCUHVMjvVhO21rOmqfjcYNz3lka9nHlw8WzqB3PAHqFoo17XsC1XHSJ+Sg3aLXtzHJDyNCWmt14Fln76r9FeLwQ+8T5WoGY53Z/V52AgxBpXj7rBTtXTPmpveTPhlrpPlDCHuvZi+3rPZKQMgrkaRG1zED5EoCKDvhBt whutao@Romans-MacBook-Pro.local\n"
            },
            "name": "test",
            "network_acceleration_type": "standard",
            "network_interface": [
              {
                "dns_record": [],
                "index": 0,
                "ip_address": "192.168.0.33",
                "ipv4": true,
                "ipv6": false,
                "ipv6_address": "",
                "ipv6_dns_record": [],
                "mac_address": "d0:0d:36:bf:06:5d",
                "nat": true,
                "nat_dns_record": [],
                "nat_ip_address": "51.250.68.226",
                "nat_ip_version": "IPV4",
                "security_group_ids": [],
                "subnet_id": "e9b9srnpm4v41aoj44s0"
              }
            ],
            "placement_policy": [
              {
                "host_affinity_rules": [],
                "placement_group_id": ""
              }
            ],
            "platform_id": "standard-v1",
            "resources": [
              {
                "core_fraction": 5,
                "cores": 2,
                "gpus": 0,
                "memory": 1
              }
            ],
            "scheduling_policy": [
              {
                "preemptible": false
              }
            ],
            "secondary_disk": [],
            "service_account_id": "",
            "status": "running",
            "timeouts": null,
            "zone": "ru-central1-a"
          },
          "sensitive_attributes": [],
          "private": "eyJlMmJmYjczMC1lY2FhLTExZTYtOGY4OC0zNDM2M2JjN2M0YzAiOnsiY3JlYXRlIjozMDAwMDAwMDAwMDAsImRlbGV0ZSI6MzAwMDAwMDAwMDAwLCJ1cGRhdGUiOjMwMDAwMDAwMDAwMH0sInNjaGVtYV92ZXJzaW9uIjoiMSJ9",
          "dependencies": [
            "yandex_vpc_network.newtwork",
            "yandex_vpc_subnet.subnetwork"
          ]
        }
      ]
    },
    {
      "mode": "managed",
      "type": "yandex_vpc_network",
      "name": "newtwork",
      "provider": "provider[\"registry.terraform.io/yandex-cloud/yandex\"]",
      "instances": [
        {
          "schema_version": 0,
          "attributes": {
            "created_at": "2022-10-03T19:20:19Z",
            "default_security_group_id": "",
            "description": "",
            "folder_id": "b1gt3sretmu231pp6srq",
            "id": "enpvuiqin1j5j5a5vdhc",
            "labels": {},
            "name": "",
            "subnet_ids": [],
            "timeouts": null
          },
          "sensitive_attributes": [],
          "private": "eyJlMmJmYjczMC1lY2FhLTExZTYtOGY4OC0zNDM2M2JjN2M0YzAiOnsiY3JlYXRlIjo2MDAwMDAwMDAwMCwiZGVsZXRlIjo2MDAwMDAwMDAwMCwidXBkYXRlIjo2MDAwMDAwMDAwMH19"
        }
      ]
    },
    {
      "mode": "managed",
      "type": "yandex_vpc_subnet",
      "name": "subnetwork",
      "provider": "provider[\"registry.terraform.io/yandex-cloud/yandex\"]",
      "instances": [
        {
          "schema_version": 0,
          "attributes": {
            "created_at": "2022-10-03T19:20:20Z",
            "description": "",
            "dhcp_options": [],
            "folder_id": "b1gt3sretmu231pp6srq",
            "id": "e9b9srnpm4v41aoj44s0",
            "labels": {},
            "name": "",
            "network_id": "enpvuiqin1j5j5a5vdhc",
            "route_table_id": "",
            "timeouts": null,
            "v4_cidr_blocks": [
              "192.168.0.0/16"
            ],
            "v6_cidr_blocks": [],
            "zone": "ru-central1-a"
          },
          "sensitive_attributes": [],
          "private": "eyJlMmJmYjczMC1lY2FhLTExZTYtOGY4OC0zNDM2M2JjN2M0YzAiOnsiY3JlYXRlIjoxODAwMDAwMDAwMDAsImRlbGV0ZSI6MTgwMDAwMDAwMDAwLCJ1cGRhdGUiOjE4MDAwMDAwMDAwMH19",
          "dependencies": [
            "yandex_vpc_network.newtwork"
          ]
        }
      ]
    }
  ],
  "check_results": []
}
