{
  "version": 4,
  "terraform_version": "1.3.0",
  "serial": 10,
  "lineage": "9bdd4b82-679e-4ab0-d77b-8d0672b326c4",
  "outputs": {
    "container_id": {
      "value": "2404111f9ca4593d45918e186910b3ec54b0ef61fa667afeda5884a44176d648",
      "type": "string"
    },
    "image_id": {
      "value": "sha256:df6be276cf046b32ae4f9942457bca68d2beb0ad49e0ba849844bfa7e57eb01fe2xen/devops-pythonapp:1.0",
      "type": "string"
    }
  },
  "resources": [
    {
      "mode": "managed",
      "type": "docker_container",
      "name": "python_app",
      "provider": "provider[\"registry.terraform.io/kreuzwerker/docker\"]",
      "instances": [
        {
          "schema_version": 2,
          "attributes": {
            "attach": false,
            "bridge": "",
            "capabilities": [],
            "command": [
              "uvicorn",
              "app.main:app",
              "--host",
              "0.0.0.0",
              "--port",
              "80"
            ],
            "container_logs": null,
            "cpu_set": "",
            "cpu_shares": 0,
            "destroy_grace_seconds": null,
            "devices": [],
            "dns": [],
            "dns_opts": [],
            "dns_search": [],
            "domainname": "",
            "entrypoint": [],
            "env": [],
            "exit_code": null,
            "gateway": "172.17.0.1",
            "group_add": [],
            "healthcheck": [],
            "host": [],
            "hostname": "2404111f9ca4",
            "id": "2404111f9ca4593d45918e186910b3ec54b0ef61fa667afeda5884a44176d648",
            "image": "sha256:df6be276cf046b32ae4f9942457bca68d2beb0ad49e0ba849844bfa7e57eb01f",
            "init": false,
            "ip_address": "172.17.0.2",
            "ip_prefix_length": 16,
            "ipc_mode": "private",
            "labels": [],
            "links": [],
            "log_driver": "json-file",
            "log_opts": {},
            "logs": false,
            "max_retry_count": 0,
            "memory": 0,
            "memory_swap": 0,
            "mounts": [],
            "must_run": true,
            "name": "python_app",
            "network_alias": null,
            "network_data": [
              {
                "gateway": "172.17.0.1",
                "global_ipv6_address": "",
                "global_ipv6_prefix_length": 0,
                "ip_address": "172.17.0.2",
                "ip_prefix_length": 16,
                "ipv6_gateway": "",
                "network_name": "bridge"
              }
            ],
            "network_mode": "default",
            "networks": null,
            "networks_advanced": [],
            "pid_mode": "",
            "ports": [
              {
                "external": 8000,
                "internal": 80,
                "ip": "0.0.0.0",
                "protocol": "tcp"
              }
            ],
            "privileged": false,
            "publish_all_ports": false,
            "read_only": false,
            "remove_volumes": true,
            "restart": "no",
            "rm": false,
            "security_opts": [],
            "shm_size": 64,
            "start": true,
            "stdin_open": false,
            "sysctls": {},
            "tmpfs": {},
            "tty": false,
            "ulimit": [],
            "upload": [],
            "user": "pythonapp",
            "userns_mode": "",
            "volumes": [],
            "working_dir": "/code"
          },
          "sensitive_attributes": [],
          "private": "eyJzY2hlbWFfdmVyc2lvbiI6IjIifQ==",
          "dependencies": [
            "docker_image.devops-pythonapp"
          ]
        }
      ]
    },
    {
      "mode": "managed",
      "type": "docker_image",
      "name": "devops-pythonapp",
      "provider": "provider[\"registry.terraform.io/kreuzwerker/docker\"]",
      "instances": [
        {
          "schema_version": 0,
          "attributes": {
            "build": [],
            "force_remove": null,
            "id": "sha256:df6be276cf046b32ae4f9942457bca68d2beb0ad49e0ba849844bfa7e57eb01fe2xen/devops-pythonapp:1.0",
            "keep_locally": false,
            "latest": "sha256:df6be276cf046b32ae4f9942457bca68d2beb0ad49e0ba849844bfa7e57eb01f",
            "name": "e2xen/devops-pythonapp:1.0",
            "output": null,
            "pull_trigger": null,
            "pull_triggers": null,
            "repo_digest": "e2xen/devops-pythonapp@sha256:74fa61f664f155c482eae421025745062a6064d2c2068f805fe68998bfb320a5"
          },
          "sensitive_attributes": [],
          "private": "bnVsbA=="
        }
      ]
    }
  ],
  "check_results": []
}
