{
  "version": 4,
  "terraform_version": "1.3.0",
  "serial": 22,
  "lineage": "b0fef77d-2aaf-d667-ab3a-c6b568eaba40",
  "outputs": {
    "image_id": {
      "value": "sha256:2d389e545974d4a93ebdef09b650753a55f72d1ab4518d17a30c0e1b3e297444nginx:latest",
      "type": "string"
    }
  },
  "resources": [
    {
      "mode": "managed",
      "type": "docker_image",
      "name": "app_python",
      "provider": "provider[\"registry.terraform.io/kreuzwerker/docker\"]",
      "instances": [
        {
          "schema_version": 0,
          "attributes": {
            "build": [],
            "force_remove": null,
            "id": "sha256:2d389e545974d4a93ebdef09b650753a55f72d1ab4518d17a30c0e1b3e297444nginx:latest",
            "image_id": "sha256:2d389e545974d4a93ebdef09b650753a55f72d1ab4518d17a30c0e1b3e297444",
            "keep_locally": false,
            "latest": "sha256:2d389e545974d4a93ebdef09b650753a55f72d1ab4518d17a30c0e1b3e297444",
            "name": "nginx:latest",
            "output": null,
            "pull_trigger": null,
            "pull_triggers": null,
            "repo_digest": "nginx@sha256:0b970013351304af46f322da1263516b188318682b2ab1091862497591189ff1",
            "triggers": null
          },
          "sensitive_attributes": [],
          "private": "bnVsbA=="
        }
      ]
    }
  ],
  "check_results": []
}
