{
  "version": 4,
  "terraform_version": "1.2.8",
  "serial": 21,
  "lineage": "10094249-c9c5-c5de-78eb-d3ed5f91342f",
  "outputs": {},
  "resources": [
    {
      "module": "module.cloud",
      "mode": "data",
      "type": "yandex_compute_image",
      "name": "ubuntu-2204-lts",
      "provider": "module.cloud.provider[\"registry.terraform.io/yandex-cloud/yandex\"]",
      "instances": [
        {
          "schema_version": 0,
          "attributes": {
            "created_at": "2022-09-26T10:45:51Z",
            "description": "ubuntu 22.04 lts",
            "family": "ubuntu-2204-lts",
            "folder_id": "standard-images",
            "id": "fd8autg36kchufhej85b",
            "image_id": "fd8autg36kchufhej85b",
            "labels": {},
            "min_disk_size": 5,
            "name": "ubuntu-22-04-lts-v20220926",
            "os_type": "linux",
            "pooled": true,
            "product_ids": [
              "f2e454d6jm9tftcpj6g4"
            ],
            "size": 4,
            "status": "ready"
          },
          "sensitive_attributes": []
        }
      ]
    },
    {
      "module": "module.cloud",
      "mode": "managed",
      "type": "yandex_compute_instance",
      "name": "default",
      "provider": "module.cloud.provider[\"registry.terraform.io/yandex-cloud/yandex\"]",
      "instances": [
        {
          "schema_version": 1,
          "attributes": {
            "allow_recreate": null,
            "allow_stopping_for_update": true,
            "boot_disk": [
              {
                "auto_delete": true,
                "device_name": "fhm9q4calekp01kd6u9s",
                "disk_id": "fhm9q4calekp01kd6u9s",
                "initialize_params": [
                  {
                    "block_size": 4096,
                    "description": "",
                    "image_id": "fd8autg36kchufhej85b",
                    "name": "",
                    "size": 5,
                    "snapshot_id": "",
                    "type": "network-hdd"
                  }
                ],
                "mode": "READ_WRITE"
              }
            ],
            "created_at": "2022-09-27T01:59:06Z",
            "description": "",
            "folder_id": "b1gl4k75ncd12js9u8bd",
            "fqdn": "asdfffff.ru-central1.internal",
            "hostname": "asdfffff",
            "id": "fhmns7osoj3r9llg535j",
            "labels": null,
            "local_disk": [],
            "metadata": {
              "serial-port-enable": "1",
              "ssh-keys": "ubuntu:ssh-rsa AAAAB3NzaC1yc2EAAAADAQABAAABAQCgIqWffIX4mJ8p362euQUDx2+FrRy7ephQSzTaBRwUFS4rbssnUVcn82ibeGfNEiOnOen9OW+igL4DrKkSPAoLgUwAhZuQ4jCRZnCSPMF+X4FwyR+yLXvuZBqxNJrsmirOpClOTlThJKRZO/++XpxiF/HW8zftMulBY3SB+TjsbpVbgPFag0tazdYNHvt/6Oo5VlyLArp5QGT1KdwqJ1s7Y+3v0J5Js088vivRg7+X1TbDXNEhqBSMR2eniUzX0L6RpULe3gAnz3fqsN8iG0eN363vhrWqpv9lymFNvPq6ky6KxzxvlpnDDgwlvgRjvOqQlTMmdr5jmyubftIoa5/D wat4er@macbook\n"
            },
            "name": "asdfffff",
            "network_acceleration_type": "standard",
            "network_interface": [
              {
                "dns_record": [],
                "index": 0,
                "ip_address": "10.128.0.21",
                "ipv4": true,
                "ipv6": false,
                "ipv6_address": "",
                "ipv6_dns_record": [],
                "mac_address": "d0:0d:17:e1:f1:cc",
                "nat": true,
                "nat_dns_record": [],
                "nat_ip_address": "51.250.79.227",
                "nat_ip_version": "IPV4",
                "security_group_ids": [],
                "subnet_id": "e9bnls074uig7404ed1s"
              }
            ],
            "placement_policy": [
              {
                "host_affinity_rules": [],
                "placement_group_id": ""
              }
            ],
            "platform_id": "standard-v1",
            "resources": [
              {
                "core_fraction": 100,
                "cores": 2,
                "gpus": 0,
                "memory": 4
              }
            ],
            "scheduling_policy": [
              {
                "preemptible": false
              }
            ],
            "secondary_disk": [],
            "service_account_id": "",
            "status": "running",
            "timeouts": null,
            "zone": "ru-central1-a"
          },
          "sensitive_attributes": [],
          "private": "eyJlMmJmYjczMC1lY2FhLTExZTYtOGY4OC0zNDM2M2JjN2M0YzAiOnsiY3JlYXRlIjozMDAwMDAwMDAwMDAsImRlbGV0ZSI6MzAwMDAwMDAwMDAwLCJ1cGRhdGUiOjMwMDAwMDAwMDAwMH0sInNjaGVtYV92ZXJzaW9uIjoiMSJ9",
          "dependencies": [
            "module.cloud.data.yandex_compute_image.ubuntu-2204-lts",
            "module.cloud.yandex_vpc_address.addr",
            "module.cloud.yandex_vpc_subnet.subnet"
          ]
        }
      ]
    },
    {
      "module": "module.cloud",
      "mode": "managed",
      "type": "yandex_vpc_address",
      "name": "addr",
      "provider": "module.cloud.provider[\"registry.terraform.io/yandex-cloud/yandex\"]",
      "instances": [
        {
          "schema_version": 0,
          "attributes": {
            "created_at": "2022-09-27T01:33:11Z",
            "description": "",
            "external_ipv4_address": [
              {
                "address": "51.250.79.227",
                "ddos_protection_provider": "",
                "outgoing_smtp_capability": "",
                "zone_id": "ru-central1-a"
              }
            ],
            "folder_id": "b1gl4k75ncd12js9u8bd",
            "id": "e9b5ec019hibf8mt1852",
            "labels": {},
            "name": "addr",
            "reserved": true,
            "timeouts": null,
            "used": true
          },
          "sensitive_attributes": [],
          "private": "eyJlMmJmYjczMC1lY2FhLTExZTYtOGY4OC0zNDM2M2JjN2M0YzAiOnsiY3JlYXRlIjozMDAwMDAwMDAwMCwiZGVsZXRlIjozMDAwMDAwMDAwMCwidXBkYXRlIjozMDAwMDAwMDAwMH19"
        }
      ]
    },
    {
      "module": "module.cloud",
      "mode": "managed",
      "type": "yandex_vpc_network",
      "name": "default",
      "provider": "module.cloud.provider[\"registry.terraform.io/yandex-cloud/yandex\"]",
      "instances": [
        {
          "schema_version": 0,
          "attributes": {
            "created_at": "2022-09-27T01:50:37Z",
            "default_security_group_id": "",
            "description": "",
            "folder_id": "b1gl4k75ncd12js9u8bd",
            "id": "enpqafb8sog8sl57h4g1",
            "labels": {},
            "name": "",
            "subnet_ids": [
              "e9bnls074uig7404ed1s"
            ],
            "timeouts": null
          },
          "sensitive_attributes": [],
          "private": "eyJlMmJmYjczMC1lY2FhLTExZTYtOGY4OC0zNDM2M2JjN2M0YzAiOnsiY3JlYXRlIjo2MDAwMDAwMDAwMCwiZGVsZXRlIjo2MDAwMDAwMDAwMCwidXBkYXRlIjo2MDAwMDAwMDAwMH19"
        }
      ]
    },
    {
      "module": "module.cloud",
      "mode": "managed",
      "type": "yandex_vpc_subnet",
      "name": "subnet",
      "provider": "module.cloud.provider[\"registry.terraform.io/yandex-cloud/yandex\"]",
      "instances": [
        {
          "schema_version": 0,
          "attributes": {
            "created_at": "2022-09-27T01:50:38Z",
            "description": "",
            "dhcp_options": [],
            "folder_id": "b1gl4k75ncd12js9u8bd",
            "id": "e9bnls074uig7404ed1s",
            "labels": {},
            "name": "",
            "network_id": "enpqafb8sog8sl57h4g1",
            "route_table_id": "",
            "timeouts": null,
            "v4_cidr_blocks": [
              "10.128.0.0/24"
            ],
            "v6_cidr_blocks": [],
            "zone": "ru-central1-a"
          },
          "sensitive_attributes": [],
          "private": "eyJlMmJmYjczMC1lY2FhLTExZTYtOGY4OC0zNDM2M2JjN2M0YzAiOnsiY3JlYXRlIjoxODAwMDAwMDAwMDAsImRlbGV0ZSI6MTgwMDAwMDAwMDAwLCJ1cGRhdGUiOjE4MDAwMDAwMDAwMH19",
          "dependencies": [
            "module.cloud.yandex_vpc_network.default"
          ]
        }
      ]
    },
    {
      "module": "module.dart_app",
      "mode": "managed",
      "type": "docker_container",
      "name": "app",
      "provider": "provider[\"registry.terraform.io/kreuzwerker/docker\"]",
      "instances": [
        {
          "schema_version": 2,
          "attributes": {
            "attach": false,
            "bridge": "",
            "capabilities": [],
            "command": [
              "python",
              "-m",
              "http.server",
              "5000"
            ],
            "container_logs": null,
            "container_read_refresh_timeout_milliseconds": 15000,
            "cpu_set": "",
            "cpu_shares": 0,
            "destroy_grace_seconds": null,
            "devices": [],
            "dns": [],
            "dns_opts": [],
            "dns_search": [],
            "domainname": "",
            "entrypoint": [],
            "env": [],
            "exit_code": null,
            "gateway": "172.17.0.1",
            "gpus": null,
            "group_add": [],
            "healthcheck": [],
            "host": [],
            "hostname": "1930ccc65899",
            "id": "1930ccc6589979b1aab7512ca95c9d2ff77891e55eb9f1bd105f7a34c93fba62",
            "image": "sha256:5b8614f28ba41c94b505556e1f57049cb0e3faea545bcb220c2b8f93e6b32dab",
            "init": false,
            "ip_address": "172.17.0.3",
            "ip_prefix_length": 16,
            "ipc_mode": "private",
            "labels": [],
            "links": [],
            "log_driver": "json-file",
            "log_opts": {},
            "logs": false,
            "max_retry_count": 0,
            "memory": 0,
            "memory_swap": 0,
            "mounts": [],
            "must_run": true,
            "name": "best_app_ever",
            "network_alias": null,
            "network_data": [
              {
                "gateway": "172.17.0.1",
                "global_ipv6_address": "",
                "global_ipv6_prefix_length": 0,
                "ip_address": "172.17.0.3",
                "ip_prefix_length": 16,
                "ipv6_gateway": "",
                "network_name": "bridge"
              }
            ],
            "network_mode": "default",
            "networks": null,
            "networks_advanced": [],
            "pid_mode": "",
            "ports": [
              {
                "external": 5050,
                "internal": 5000,
                "ip": "0.0.0.0",
                "protocol": "tcp"
              }
            ],
            "privileged": false,
            "publish_all_ports": false,
            "read_only": false,
            "remove_volumes": true,
            "restart": "no",
            "rm": true,
            "runtime": "runc",
            "security_opts": [],
            "shm_size": 64,
            "start": true,
            "stdin_open": false,
            "stop_signal": "",
            "stop_timeout": 0,
            "storage_opts": {},
            "sysctls": {},
            "tmpfs": {},
            "tty": false,
            "ulimit": [],
            "upload": [],
            "user": "user",
            "userns_mode": "",
            "volumes": [],
            "working_dir": "/app"
          },
          "sensitive_attributes": [],
          "private": "eyJzY2hlbWFfdmVyc2lvbiI6IjIifQ==",
          "dependencies": [
            "module.dart_app.docker_image.test"
          ]
        }
      ]
    },
    {
      "module": "module.dart_app",
      "mode": "managed",
      "type": "docker_image",
      "name": "test",
      "provider": "provider[\"registry.terraform.io/kreuzwerker/docker\"]",
      "instances": [
        {
          "schema_version": 0,
          "attributes": {
            "build": [],
            "force_remove": null,
            "id": "sha256:5b8614f28ba41c94b505556e1f57049cb0e3faea545bcb220c2b8f93e6b32dabwat4er/inno_devops:dart",
            "image_id": "sha256:5b8614f28ba41c94b505556e1f57049cb0e3faea545bcb220c2b8f93e6b32dab",
            "keep_locally": false,
            "latest": "sha256:5b8614f28ba41c94b505556e1f57049cb0e3faea545bcb220c2b8f93e6b32dab",
            "name": "wat4er/inno_devops:dart",
            "output": null,
            "pull_trigger": null,
            "pull_triggers": null,
            "repo_digest": "wat4er/inno_devops@sha256:cd412a017be441b24a05010214e240c93e274890f052ff57eb32ce9ebfbe4ee3",
            "triggers": null
          },
          "sensitive_attributes": [],
          "private": "bnVsbA=="
        }
      ]
    },
    {
      "module": "module.py_app",
      "mode": "managed",
      "type": "docker_container",
      "name": "app",
      "provider": "provider[\"registry.terraform.io/kreuzwerker/docker\"]",
      "instances": [
        {
          "schema_version": 2,
          "attributes": {
            "attach": false,
            "bridge": "",
            "capabilities": [],
            "command": [
              "python",
              "-m",
              "app"
            ],
            "container_logs": null,
            "container_read_refresh_timeout_milliseconds": 15000,
            "cpu_set": "",
            "cpu_shares": 0,
            "destroy_grace_seconds": null,
            "devices": [],
            "dns": [],
            "dns_opts": [],
            "dns_search": [],
            "domainname": "",
            "entrypoint": [],
            "env": [],
            "exit_code": null,
            "gateway": "172.17.0.1",
            "gpus": null,
            "group_add": [],
            "healthcheck": [],
            "host": [],
            "hostname": "72960d41bfc4",
            "id": "72960d41bfc4a5b6859cda601264de771440704571bfca9d002b5d3b5e2db8c3",
            "image": "sha256:161a6b8f5c2e13aa3170fc4b535a2910810db40e0a5d0868836a84ac900d9bd0",
            "init": false,
            "ip_address": "172.17.0.2",
            "ip_prefix_length": 16,
            "ipc_mode": "private",
            "labels": [],
            "links": [],
            "log_driver": "json-file",
            "log_opts": {},
            "logs": false,
            "max_retry_count": 0,
            "memory": 0,
            "memory_swap": 0,
            "mounts": [],
            "must_run": true,
            "name": "web_py",
            "network_alias": null,
            "network_data": [
              {
                "gateway": "172.17.0.1",
                "global_ipv6_address": "",
                "global_ipv6_prefix_length": 0,
                "ip_address": "172.17.0.2",
                "ip_prefix_length": 16,
                "ipv6_gateway": "",
                "network_name": "bridge"
              }
            ],
            "network_mode": "default",
            "networks": null,
            "networks_advanced": [],
            "pid_mode": "",
            "ports": [
              {
                "external": 5000,
                "internal": 5000,
                "ip": "0.0.0.0",
                "protocol": "tcp"
              }
            ],
            "privileged": false,
            "publish_all_ports": false,
            "read_only": false,
            "remove_volumes": true,
            "restart": "no",
            "rm": true,
            "runtime": "runc",
            "security_opts": [],
            "shm_size": 64,
            "start": true,
            "stdin_open": false,
            "stop_signal": "",
            "stop_timeout": 0,
            "storage_opts": {},
            "sysctls": {},
            "tmpfs": {},
            "tty": false,
            "ulimit": [],
            "upload": [],
            "user": "user",
            "userns_mode": "",
            "volumes": [],
            "working_dir": "/app"
          },
          "sensitive_attributes": [],
          "private": "eyJzY2hlbWFfdmVyc2lvbiI6IjIifQ==",
          "dependencies": [
            "module.py_app.docker_image.test"
          ]
        }
      ]
    },
    {
      "module": "module.py_app",
      "mode": "managed",
      "type": "docker_image",
      "name": "test",
      "provider": "provider[\"registry.terraform.io/kreuzwerker/docker\"]",
      "instances": [
        {
          "schema_version": 0,
          "attributes": {
            "build": [],
            "force_remove": null,
            "id": "sha256:161a6b8f5c2e13aa3170fc4b535a2910810db40e0a5d0868836a84ac900d9bd0wat4er/inno_devops:python",
            "image_id": "sha256:161a6b8f5c2e13aa3170fc4b535a2910810db40e0a5d0868836a84ac900d9bd0",
            "keep_locally": false,
            "latest": "sha256:161a6b8f5c2e13aa3170fc4b535a2910810db40e0a5d0868836a84ac900d9bd0",
            "name": "wat4er/inno_devops:python",
            "output": null,
            "pull_trigger": null,
            "pull_triggers": null,
            "repo_digest": "",
            "triggers": null
          },
          "sensitive_attributes": [],
          "private": "bnVsbA=="
        }
      ]
    }
  ]
}
