{
  "version": 4,
  "terraform_version": "1.2.9",
  "serial": 6,
  "lineage": "392991c2-1c76-b56f-aa43-fd2004d4a79a",
  "outputs": {},
  "resources": [
    {
      "mode": "managed",
      "type": "yandex_compute_instance",
      "name": "default",
      "provider": "provider[\"registry.terraform.io/yandex-cloud/yandex\"]",
      "instances": [
        {
          "schema_version": 1,
          "attributes": {
            "allow_recreate": null,
            "allow_stopping_for_update": true,
            "boot_disk": [
              {
                "auto_delete": true,
                "device_name": "fhmgui9dn3h7l1nv0fjo",
                "disk_id": "fhmgui9dn3h7l1nv0fjo",
                "initialize_params": [
                  {
                    "block_size": 4096,
                    "description": "",
                    "image_id": "fd8le2jsge1bop4m18ts",
                    "name": "",
                    "size": 3,
                    "snapshot_id": "",
                    "type": "network-hdd"
                  }
                ],
                "mode": "READ_WRITE"
              }
            ],
            "created_at": "2022-09-24T20:16:41Z",
            "description": "",
            "folder_id": "b1gvt2gqnaa14cpibnrp",
            "fqdn": "fhmbvl7b8nasrue0nca0.auto.internal",
            "hostname": "",
            "id": "fhmbvl7b8nasrue0nca0",
            "labels": {},
            "local_disk": [],
            "metadata": {
              "foo": "bar",
              "ssh-keys": "debian:ssh-rsa AAAAB3NzaC1yc2EAAAADAQABAAABAQC6iPBC7qykufrgSh02rFPJkWcBaHCfy/tR/VDtpzoQel1+cQBb5M36+l/cePtg/3kCqYfjM/3OLQ3RH2pGM6udm6ngY1ZK6neilX2UBONwFsWHLfGw0aoOZ+Rp3OrcKb9xBTyuXmUhjXX5BBjPjdikKImBfPtwMPns1THeeZ+ZJz9f6F5rakWnlnwHfp9nCV84IWGP46zDOqIaNsM2DURyKjYdAbskNdS2JY+gLT4rXDocBzskkm/O442Lt40TBoybJkcGOXIn/8pF7AtB++8CXxLSrUffhciNNXAw632LoQ/gT7i2OU0MYE1x/Eow/2RYU5PgUFcshGjhqFN/k2g7 igor@debian\n"
            },
            "name": "terraform",
            "network_acceleration_type": "standard",
            "network_interface": [
              {
                "dns_record": [],
                "index": 0,
                "ip_address": "192.168.0.29",
                "ipv4": true,
                "ipv6": false,
                "ipv6_address": "",
                "ipv6_dns_record": [],
                "mac_address": "d0:0d:bf:d4:eb:45",
                "nat": true,
                "nat_dns_record": [],
                "nat_ip_address": "51.250.10.89",
                "nat_ip_version": "IPV4",
                "security_group_ids": [],
                "subnet_id": "e9bt6kvieq3lk1uor9ka"
              }
            ],
            "placement_policy": [
              {
                "host_affinity_rules": [],
                "placement_group_id": ""
              }
            ],
            "platform_id": "standard-v1",
            "resources": [
              {
                "core_fraction": 100,
                "cores": 2,
                "gpus": 0,
                "memory": 4
              }
            ],
            "scheduling_policy": [
              {
                "preemptible": false
              }
            ],
            "secondary_disk": [],
            "service_account_id": "",
            "status": "running",
            "timeouts": null,
            "zone": "ru-central1-a"
          },
          "sensitive_attributes": [],
          "private": "eyJlMmJmYjczMC1lY2FhLTExZTYtOGY4OC0zNDM2M2JjN2M0YzAiOnsiY3JlYXRlIjozMDAwMDAwMDAwMDAsImRlbGV0ZSI6MzAwMDAwMDAwMDAwLCJ1cGRhdGUiOjMwMDAwMDAwMDAwMH0sInNjaGVtYV92ZXJzaW9uIjoiMSJ9",
          "dependencies": [
            "yandex_vpc_subnet.foo"
          ]
        }
      ]
    },
    {
      "mode": "managed",
      "type": "yandex_vpc_network",
      "name": "foo",
      "provider": "provider[\"registry.terraform.io/yandex-cloud/yandex\"]",
      "instances": [
        {
          "schema_version": 0,
          "attributes": {
            "created_at": "2022-09-24T20:16:36Z",
            "default_security_group_id": "",
            "description": "",
            "folder_id": "b1gvt2gqnaa14cpibnrp",
            "id": "enp77ilo1s6hh6pkeq09",
            "labels": {},
            "name": "",
            "subnet_ids": [
              "e9bt6kvieq3lk1uor9ka"
            ],
            "timeouts": null
          },
          "sensitive_attributes": [],
          "private": "eyJlMmJmYjczMC1lY2FhLTExZTYtOGY4OC0zNDM2M2JjN2M0YzAiOnsiY3JlYXRlIjo2MDAwMDAwMDAwMCwiZGVsZXRlIjo2MDAwMDAwMDAwMCwidXBkYXRlIjo2MDAwMDAwMDAwMH19"
        }
      ]
    },
    {
      "mode": "managed",
      "type": "yandex_vpc_subnet",
      "name": "foo",
      "provider": "provider[\"registry.terraform.io/yandex-cloud/yandex\"]",
      "instances": [
        {
          "schema_version": 0,
          "attributes": {
            "created_at": "2022-09-24T20:16:38Z",
            "description": "",
            "dhcp_options": [],
            "folder_id": "b1gvt2gqnaa14cpibnrp",
            "id": "e9bt6kvieq3lk1uor9ka",
            "labels": {},
            "name": "",
            "network_id": "enp77ilo1s6hh6pkeq09",
            "route_table_id": "",
            "timeouts": null,
            "v4_cidr_blocks": [
              "192.168.0.0/16"
            ],
            "v6_cidr_blocks": [],
            "zone": "ru-central1-a"
          },
          "sensitive_attributes": [],
          "private": "eyJlMmJmYjczMC1lY2FhLTExZTYtOGY4OC0zNDM2M2JjN2M0YzAiOnsiY3JlYXRlIjoxODAwMDAwMDAwMDAsImRlbGV0ZSI6MTgwMDAwMDAwMDAwLCJ1cGRhdGUiOjE4MDAwMDAwMDAwMH19",
          "dependencies": [
            "yandex_vpc_network.foo"
          ]
        }
      ]
    }
  ]
}
