{
  "version": 4,
  "terraform_version": "1.3.1",
  "serial": 6,
  "lineage": "2280e876-8fe6-b171-955e-01862d8eca5f",
  "outputs": {},
  "resources": [
    {
      "mode": "managed",
      "type": "github_branch_default",
      "name": "master",
      "provider": "provider[\"registry.terraform.io/integrations/github\"]",
      "instances": [
        {
          "schema_version": 0,
          "attributes": {
            "branch": "master",
            "id": "course-devops-terraform-generated",
            "repository": "course-devops-terraform-generated"
          },
          "sensitive_attributes": [],
          "private": "bnVsbA==",
          "dependencies": [
            "github_repository.repo"
          ]
        }
      ]
    },
    {
      "mode": "managed",
      "type": "github_branch_protection",
      "name": "default",
      "provider": "provider[\"registry.terraform.io/integrations/github\"]",
      "instances": [
        {
          "schema_version": 1,
          "attributes": {
            "allows_deletions": false,
            "allows_force_pushes": false,
            "blocks_creations": false,
            "enforce_admins": false,
            "id": "BPR_kwDOIGkKcs4BwbMm",
            "pattern": "master",
            "push_restrictions": null,
            "repository_id": "course-devops-terraform-generated",
            "require_conversation_resolution": false,
            "require_signed_commits": false,
            "required_linear_history": false,
            "required_pull_request_reviews": [
              {
                "dismiss_stale_reviews": false,
                "dismissal_restrictions": null,
                "pull_request_bypassers": null,
                "require_code_owner_reviews": false,
                "required_approving_review_count": 1,
                "restrict_dismissals": false
              }
            ],
            "required_status_checks": []
          },
          "sensitive_attributes": [],
          "private": "eyJzY2hlbWFfdmVyc2lvbiI6IjEifQ==",
          "dependencies": [
            "github_branch_default.master",
            "github_repository.repo"
          ]
        }
      ]
    },
    {
      "mode": "managed",
      "type": "github_repository",
      "name": "repo",
      "provider": "provider[\"registry.terraform.io/integrations/github\"]",
      "instances": [
        {
          "schema_version": 0,
          "attributes": {
            "allow_auto_merge": false,
            "allow_merge_commit": true,
            "allow_rebase_merge": true,
            "allow_squash_merge": true,
            "archive_on_destroy": null,
            "archived": false,
            "auto_init": null,
            "branches": [
              {
                "name": "master",
                "protected": false
              }
            ],
            "default_branch": "master",
            "delete_branch_on_merge": false,
            "description": "The repository generated by Terraform",
            "etag": "W/\"b30c98d80555e2e50df4e91af5b2a821e8eb5480129451666d947daed767465a\"",
            "full_name": "whutao/course-devops-terraform-generated",
            "git_clone_url": "git://github.com/whutao/course-devops-terraform-generated.git",
            "gitignore_template": "VisualStudio",
            "has_downloads": false,
            "has_issues": false,
            "has_projects": false,
            "has_wiki": false,
            "homepage_url": "",
            "html_url": "https://github.com/whutao/course-devops-terraform-generated",
            "http_clone_url": "https://github.com/whutao/course-devops-terraform-generated.git",
            "id": "course-devops-terraform-generated",
            "ignore_vulnerability_alerts_during_read": null,
            "is_template": false,
            "license_template": "mit",
            "merge_commit_message": "PR_TITLE",
            "merge_commit_title": "MERGE_MESSAGE",
            "name": "course-devops-terraform-generated",
            "node_id": "R_kgDOIGkKcg",
            "pages": [],
            "private": false,
            "repo_id": 543754866,
            "squash_merge_commit_message": "COMMIT_MESSAGES",
            "squash_merge_commit_title": "COMMIT_OR_PR_TITLE",
            "ssh_clone_url": "git@github.com:whutao/course-devops-terraform-generated.git",
            "svn_url": "https://github.com/whutao/course-devops-terraform-generated",
            "template": [],
            "topics": null,
            "visibility": "public",
            "vulnerability_alerts": false
          },
          "sensitive_attributes": [],
          "private": "bnVsbA=="
        }
      ]
    }
  ],
  "check_results": []
}
