{
  "version": 4,
  "terraform_version": "1.3.0",
  "serial": 3,
  "lineage": "e76804da-b2c8-0343-65a7-ab707d572796",
  "outputs": {},
  "resources": [
    {
      "mode": "managed",
      "type": "github_branch_protection",
      "name": "default",
      "provider": "provider[\"registry.terraform.io/integrations/github\"]",
      "instances": []
    },
    {
      "mode": "managed",
      "type": "github_repository",
      "name": "repo",
      "provider": "provider[\"registry.terraform.io/integrations/github\"]",
      "instances": [
        {
          "schema_version": 0,
          "attributes": {
            "allow_auto_merge": false,
            "allow_merge_commit": true,
            "allow_rebase_merge": true,
            "allow_squash_merge": true,
            "archive_on_destroy": null,
            "archived": false,
            "auto_init": true,
            "branches": [
              {
                "name": "main",
                "protected": false
              }
            ],
            "default_branch": "main",
            "delete_branch_on_merge": false,
            "description": "Lab 4 Github example",
            "etag": "W/\"80a767477347de95b3af5a15201d4d8448a757aff9f94ecd42058a6ffc6a1f4d\"",
            "full_name": "tsaplyadmitriy/lab4-devops-terraform",
            "git_clone_url": "git://github.com/tsaplyadmitriy/lab4-devops-terraform.git",
            "gitignore_template": "VisualStudio",
            "has_downloads": false,
            "has_issues": true,
            "has_projects": false,
            "has_wiki": true,
            "homepage_url": "",
            "html_url": "https://github.com/tsaplyadmitriy/lab4-devops-terraform",
            "http_clone_url": "https://github.com/tsaplyadmitriy/lab4-devops-terraform.git",
            "id": "lab4-devops-terraform",
            "ignore_vulnerability_alerts_during_read": null,
            "is_template": false,
            "license_template": "mit",
            "merge_commit_message": "PR_TITLE",
            "merge_commit_title": "MERGE_MESSAGE",
            "name": "lab4-devops-terraform",
            "node_id": "R_kgDOIE0zgg",
            "pages": [],
            "private": false,
            "repo_id": 541930370,
            "squash_merge_commit_message": "COMMIT_MESSAGES",
            "squash_merge_commit_title": "COMMIT_OR_PR_TITLE",
            "ssh_clone_url": "git@github.com:tsaplyadmitriy/lab4-devops-terraform.git",
            "svn_url": "https://github.com/tsaplyadmitriy/lab4-devops-terraform",
            "template": [],
            "topics": null,
            "visibility": "public",
            "vulnerability_alerts": false
          },
          "sensitive_attributes": [],
          "private": "bnVsbA=="
        }
      ]
    }
  ],
  "check_results": []
}
