{
  "version": 4,
  "terraform_version": "1.3.7",
  "serial": 11,
  "lineage": "ccef350a-f699-f615-9c8a-3b746f0cc9e9",
  "outputs": {
    "container_id": {
      "value": "d8b0677a9f7f36e04d48f3986538fa2b925fb53b3b6d9f8d76f06e88f08819b0",
      "type": "string"
    },
    "image_id": {
      "value": "sha256:baff6d59d580e2150d02b38c4ae98a89f84c971af648d377fcf875a0ab8607a0tiny0wizard/app_python:latest",
      "type": "string"
    }
  },
  "resources": [
    {
      "mode": "managed",
      "type": "docker_container",
      "name": "app_python",
      "provider": "provider[\"registry.terraform.io/kreuzwerker/docker\"]",
      "instances": [
        {
          "schema_version": 2,
          "attributes": {
            "attach": false,
            "bridge": "",
            "capabilities": [],
            "cgroupns_mode": null,
            "command": [
              "app.py"
            ],
            "container_logs": null,
            "container_read_refresh_timeout_milliseconds": 15000,
            "cpu_set": "",
            "cpu_shares": 0,
            "destroy_grace_seconds": null,
            "devices": [],
            "dns": null,
            "dns_opts": null,
            "dns_search": null,
            "domainname": "",
            "entrypoint": [
              "python"
            ],
            "env": [],
            "exit_code": null,
            "gpus": null,
            "group_add": null,
            "healthcheck": null,
            "host": [],
            "hostname": "d8b0677a9f7f",
            "id": "d8b0677a9f7f36e04d48f3986538fa2b925fb53b3b6d9f8d76f06e88f08819b0",
            "image": "sha256:baff6d59d580e2150d02b38c4ae98a89f84c971af648d377fcf875a0ab8607a0",
            "init": false,
            "ipc_mode": "private",
            "labels": [],
            "log_driver": "json-file",
            "log_opts": null,
            "logs": false,
            "max_retry_count": 0,
            "memory": 0,
            "memory_swap": 0,
            "mounts": [],
            "must_run": true,
            "name": "moscow_time_app",
            "network_data": [
              {
                "gateway": "172.17.0.1",
                "global_ipv6_address": "",
                "global_ipv6_prefix_length": 0,
                "ip_address": "172.17.0.3",
                "ip_prefix_length": 16,
                "ipv6_gateway": "",
                "network_name": "bridge"
              }
            ],
            "network_mode": "default",
            "networks_advanced": [],
            "pid_mode": "",
            "ports": [
              {
                "external": 8000,
                "internal": 80,
                "ip": "0.0.0.0",
                "protocol": "tcp"
              }
            ],
            "privileged": false,
            "publish_all_ports": false,
            "read_only": false,
            "remove_volumes": true,
            "restart": "no",
            "rm": false,
            "runtime": "runc",
            "security_opts": [],
            "shm_size": 64,
            "start": true,
            "stdin_open": false,
            "stop_signal": "",
            "stop_timeout": 0,
            "storage_opts": null,
            "sysctls": null,
            "tmpfs": null,
            "tty": false,
            "ulimit": [],
            "upload": [],
            "user": "",
            "userns_mode": "",
            "volumes": [],
            "wait": false,
            "wait_timeout": 60,
            "working_dir": "/app_python"
          },
          "sensitive_attributes": [],
          "private": "eyJzY2hlbWFfdmVyc2lvbiI6IjIifQ=="
        }
      ]
    },
    {
      "mode": "managed",
      "type": "docker_image",
      "name": "app_python",
      "provider": "provider[\"registry.terraform.io/kreuzwerker/docker\"]",
      "instances": [
        {
          "schema_version": 0,
          "attributes": {
            "build": [],
            "force_remove": null,
            "id": "sha256:baff6d59d580e2150d02b38c4ae98a89f84c971af648d377fcf875a0ab8607a0tiny0wizard/app_python:latest",
            "image_id": "sha256:baff6d59d580e2150d02b38c4ae98a89f84c971af648d377fcf875a0ab8607a0",
            "keep_locally": false,
            "name": "tiny0wizard/app_python:latest",
            "platform": null,
            "pull_triggers": null,
            "repo_digest": "tiny0wizard/app_python@sha256:69ba1184cbf30644c93dbc449079b40757568aad0bdc97bf512bce82a95c642f",
            "triggers": null
          },
          "sensitive_attributes": [],
          "private": "bnVsbA=="
        }
      ]
    }
  ],
  "check_results": null
}
