{
  "version": 4,
  "terraform_version": "1.3.8",
  "serial": 3,
  "lineage": "3198ce88-0942-f9e6-9de5-ac8b213719ab",
  "outputs": {},
  "resources": [
    {
      "mode": "managed",
      "type": "github_branch_protection",
      "name": "default",
      "provider": "provider[\"registry.terraform.io/integrations/github\"]",
      "instances": []
    },
    {
      "mode": "managed",
      "type": "github_repository",
      "name": "repo",
      "provider": "provider[\"registry.terraform.io/integrations/github\"]",
      "instances": [
        {
          "schema_version": 0,
          "attributes": {
            "allow_auto_merge": false,
            "allow_merge_commit": true,
            "allow_rebase_merge": true,
            "allow_squash_merge": true,
            "archive_on_destroy": null,
            "archived": false,
            "auto_init": true,
            "branches": [
              {
                "name": "main",
                "protected": false
              }
            ],
            "default_branch": "main",
            "delete_branch_on_merge": false,
            "description": "Repo created by terraform",
            "etag": "W/\"e27ad1a996c3f3d6ad981aacbe53791c7cdfac06b3fa725ad256f202cfb58082\"",
            "full_name": "NurbakZh/DevOps_terraGit",
            "git_clone_url": "git://github.com/NurbakZh/DevOps_terraGit.git",
            "gitignore_template": null,
            "has_downloads": false,
            "has_issues": true,
            "has_projects": false,
            "has_wiki": true,
            "homepage_url": "",
            "html_url": "https://github.com/NurbakZh/DevOps_terraGit",
            "http_clone_url": "https://github.com/NurbakZh/DevOps_terraGit.git",
            "id": "DevOps_terraGit",
            "ignore_vulnerability_alerts_during_read": null,
            "is_template": false,
            "license_template": "mit",
            "merge_commit_message": "PR_TITLE",
            "merge_commit_title": "MERGE_MESSAGE",
            "name": "DevOps_terraGit",
            "node_id": "R_kgDOI9RsGw",
            "pages": [],
            "private": false,
            "repo_id": 601123867,
            "squash_merge_commit_message": "COMMIT_MESSAGES",
            "squash_merge_commit_title": "COMMIT_OR_PR_TITLE",
            "ssh_clone_url": "git@github.com:NurbakZh/DevOps_terraGit.git",
            "svn_url": "https://github.com/NurbakZh/DevOps_terraGit",
            "template": [],
            "topics": null,
            "visibility": "public",
            "vulnerability_alerts": false
          },
          "sensitive_attributes": [],
          "private": "bnVsbA=="
        }
      ]
    }
  ],
  "check_results": null
}
